
Microsoft Visual Studio Solution File, Format Version 12.00
# Visual Studio Version 16
VisualStudioVersion = 16.0.29503.13
MinimumVisualStudioVersion = 10.0.40219.1
Project("{9A19103F-16F7-4668-BE54-9A1E7A4F7556}") = "DotNetSsh", "NetCoreSsh\DotNetSsh.csproj", "{EE4B5DF0-135F-46C4-BFBD-47DD8159B412}"
EndProject
Project("{9A19103F-16F7-4668-BE54-9A1E7A4F7556}") = "DotNetSsh.Console", "DotNetSsh.Console\DotNetSsh.Console.csproj", "{F9FEF2D3-205E-4769-85D0-C2B78514C5C5}"
EndProject
Project("{FAE04EC0-301F-11D3-BF4B-00C04F79EFBC}") = "DotNetSsh.Tests", "DotNetSsh.Tests\DotNetSsh.Tests.csproj", "{CE92742A-25D6-49F7-92AB-2BB841D9A5A8}"
EndProject
Global
	GlobalSection(SolutionConfigurationPlatforms) = preSolution
		Debug|Any CPU = Debug|Any CPU
		Release|Any CPU = Release|Any CPU
	EndGlobalSection
	GlobalSection(ProjectConfigurationPlatforms) = postSolution
		{EE4B5DF0-135F-46C4-BFBD-47DD8159B412}.Debug|Any CPU.ActiveCfg = Debug|Any CPU
		{EE4B5DF0-135F-46C4-BFBD-47DD8159B412}.Debug|Any CPU.Build.0 = Debug|Any CPU
		{EE4B5DF0-135F-46C4-BFBD-47DD8159B412}.Release|Any CPU.ActiveCfg = Release|Any CPU
		{EE4B5DF0-135F-46C4-BFBD-47DD8159B412}.Release|Any CPU.Build.0 = Release|Any CPU
		{F9FEF2D3-205E-4769-85D0-C2B78514C5C5}.Debug|Any CPU.ActiveCfg = Debug|Any CPU
		{F9FEF2D3-205E-4769-85D0-C2B78514C5C5}.Debug|Any CPU.Build.0 = Debug|Any CPU
		{F9FEF2D3-205E-4769-85D0-C2B78514C5C5}.Release|Any CPU.ActiveCfg = Release|Any CPU
		{F9FEF2D3-205E-4769-85D0-C2B78514C5C5}.Release|Any CPU.Build.0 = Release|Any CPU
		{CE92742A-25D6-49F7-92AB-2BB841D9A5A8}.Debug|Any CPU.ActiveCfg = Debug|Any CPU
		{CE92742A-25D6-49F7-92AB-2BB841D9A5A8}.Debug|Any CPU.Build.0 = Debug|Any CPU
		{CE92742A-25D6-49F7-92AB-2BB841D9A5A8}.Release|Any CPU.ActiveCfg = Release|Any CPU
		{CE92742A-25D6-49F7-92AB-2BB841D9A5A8}.Release|Any CPU.Build.0 = Release|Any CPU
	EndGlobalSection
	GlobalSection(SolutionProperties) = preSolution
		HideSolutionNode = FALSE
	EndGlobalSection
	GlobalSection(ExtensibilityGlobals) = postSolution
		SolutionGuid = {CBCFC44B-880A-4FDD-A0DF-1FCFB2152629}
	EndGlobalSection
EndGlobal
